
Microsoft Visual Studio Solution File, Format Version 12.00
# Visual Studio 15
VisualStudioVersion = 15.0.26730.15
MinimumVisualStudioVersion = 10.0.40219.1
Project("{FAE04EC0-301F-11D3-BF4B-00C04F79EFBC}") = "MojProjekt.WebUI", "MojProjekt\MojProjekt.WebUI.csproj", "{D7FE6B0F-DAC5-482E-B51F-82D81C343D27}"
EndProject
Project("{FAE04EC0-301F-11D3-BF4B-00C04F79EFBC}") = "MojProjekt.Tests", "MojProjekt.Tests\MojProjekt.Tests.csproj", "{0319BBB8-F56C-4264-865B-CC6C5E06ACD8}"
EndProject
Project("{FAE04EC0-301F-11D3-BF4B-00C04F79EFBC}") = "MojProjekt.Domain", "MojProjekt.Domain\MojProjekt.Domain.csproj", "{2E952367-93B0-44D4-9CE1-386184B73BF0}"
EndProject
Global
	GlobalSection(SolutionConfigurationPlatforms) = preSolution
		Debug|Any CPU = Debug|Any CPU
		Release|Any CPU = Release|Any CPU
	EndGlobalSection
	GlobalSection(ProjectConfigurationPlatforms) = postSolution
		{D7FE6B0F-DAC5-482E-B51F-82D81C343D27}.Debug|Any CPU.ActiveCfg = Debug|Any CPU
		{D7FE6B0F-DAC5-482E-B51F-82D81C343D27}.Debug|Any CPU.Build.0 = Debug|Any CPU
		{D7FE6B0F-DAC5-482E-B51F-82D81C343D27}.Release|Any CPU.ActiveCfg = Release|Any CPU
		{D7FE6B0F-DAC5-482E-B51F-82D81C343D27}.Release|Any CPU.Build.0 = Release|Any CPU
		{0319BBB8-F56C-4264-865B-CC6C5E06ACD8}.Debug|Any CPU.ActiveCfg = Debug|Any CPU
		{0319BBB8-F56C-4264-865B-CC6C5E06ACD8}.Debug|Any CPU.Build.0 = Debug|Any CPU
		{0319BBB8-F56C-4264-865B-CC6C5E06ACD8}.Release|Any CPU.ActiveCfg = Release|Any CPU
		{0319BBB8-F56C-4264-865B-CC6C5E06ACD8}.Release|Any CPU.Build.0 = Release|Any CPU
		{2E952367-93B0-44D4-9CE1-386184B73BF0}.Debug|Any CPU.ActiveCfg = Debug|Any CPU
		{2E952367-93B0-44D4-9CE1-386184B73BF0}.Debug|Any CPU.Build.0 = Debug|Any CPU
		{2E952367-93B0-44D4-9CE1-386184B73BF0}.Release|Any CPU.ActiveCfg = Release|Any CPU
		{2E952367-93B0-44D4-9CE1-386184B73BF0}.Release|Any CPU.Build.0 = Release|Any CPU
	EndGlobalSection
	GlobalSection(SolutionProperties) = preSolution
		HideSolutionNode = FALSE
	EndGlobalSection
	GlobalSection(ExtensibilityGlobals) = postSolution
		SolutionGuid = {0C04D47C-042D-451E-9886-895A99BB495D}
	EndGlobalSection
EndGlobal
